
Microsoft Visual Studio Solution File, Format Version 12.00
# Visual Studio Version 17
VisualStudioVersion = 17.10.34916.146
MinimumVisualStudioVersion = 10.0.40219.1
Project("{FAE04EC0-301F-11D3-BF4B-00C04F79EFBC}") = "QuanLyKhachSan", "QuanLyKhachSan\QuanLyKhachSan.csproj", "{7C4D320C-2D49-4948-B669-A6CCEBD3FFAD}"
EndProject
Global
	GlobalSection(SolutionConfigurationPlatforms) = preSolution
		Debug|Any CPU = Debug|Any CPU
		Release|Any CPU = Release|Any CPU
	EndGlobalSection
	GlobalSection(ProjectConfigurationPlatforms) = postSolution
		{7C4D320C-2D49-4948-B669-A6CCEBD3FFAD}.Debug|Any CPU.ActiveCfg = Debug|Any CPU
		{7C4D320C-2D49-4948-B669-A6CCEBD3FFAD}.Debug|Any CPU.Build.0 = Debug|Any CPU
		{7C4D320C-2D49-4948-B669-A6CCEBD3FFAD}.Release|Any CPU.ActiveCfg = Release|Any CPU
		{7C4D320C-2D49-4948-B669-A6CCEBD3FFAD}.Release|Any CPU.Build.0 = Release|Any CPU
	EndGlobalSection
	GlobalSection(SolutionProperties) = preSolution
		HideSolutionNode = FALSE
	EndGlobalSection
	GlobalSection(ExtensibilityGlobals) = postSolution
		SolutionGuid = {34F15FBC-D84E-42C2-B2D5-7CF8E4E091F3}
	EndGlobalSection
EndGlobal
